
Microsoft Visual Studio Solution File, Format Version 12.00
# Visual Studio Version 17
VisualStudioVersion = 17.3.32922.545
MinimumVisualStudioVersion = 10.0.40219.1
Project("{9A19103F-16F7-4668-BE54-9A1E7A4F7556}") = "Demo.Inventory.Command.Catalog.Api", "Demo.Inventory.Command.Catalog.Api\Demo.Inventory.Command.Catalog.Api.csproj", "{48A9C237-6DC5-465F-87E6-1F7FF2DE72D1}"
EndProject
Project("{E53339B2-1760-4266-BCC7-CA923CBCF16C}") = "docker-compose", "docker-compose.dcproj", "{C65A6E56-391C-4B42-9E87-720E9113327E}"
EndProject
Project("{FAE04EC0-301F-11D3-BF4B-00C04F79EFBC}") = "Demo.Inventory.Query.Catalog.Api", "Demo.Inventory.Query.Catalog.Api\Demo.Inventory.Query.Catalog.Api.csproj", "{C722629E-2033-4E0D-8080-043AFC3E97DF}"
EndProject
Global
	GlobalSection(SolutionConfigurationPlatforms) = preSolution
		Debug|Any CPU = Debug|Any CPU
		Release|Any CPU = Release|Any CPU
	EndGlobalSection
	GlobalSection(ProjectConfigurationPlatforms) = postSolution
		{48A9C237-6DC5-465F-87E6-1F7FF2DE72D1}.Debug|Any CPU.ActiveCfg = Debug|Any CPU
		{48A9C237-6DC5-465F-87E6-1F7FF2DE72D1}.Debug|Any CPU.Build.0 = Debug|Any CPU
		{48A9C237-6DC5-465F-87E6-1F7FF2DE72D1}.Release|Any CPU.ActiveCfg = Release|Any CPU
		{48A9C237-6DC5-465F-87E6-1F7FF2DE72D1}.Release|Any CPU.Build.0 = Release|Any CPU
		{C65A6E56-391C-4B42-9E87-720E9113327E}.Debug|Any CPU.ActiveCfg = Debug|Any CPU
		{C65A6E56-391C-4B42-9E87-720E9113327E}.Debug|Any CPU.Build.0 = Debug|Any CPU
		{C65A6E56-391C-4B42-9E87-720E9113327E}.Release|Any CPU.ActiveCfg = Release|Any CPU
		{C65A6E56-391C-4B42-9E87-720E9113327E}.Release|Any CPU.Build.0 = Release|Any CPU
		{C722629E-2033-4E0D-8080-043AFC3E97DF}.Debug|Any CPU.ActiveCfg = Debug|Any CPU
		{C722629E-2033-4E0D-8080-043AFC3E97DF}.Debug|Any CPU.Build.0 = Debug|Any CPU
		{C722629E-2033-4E0D-8080-043AFC3E97DF}.Release|Any CPU.ActiveCfg = Release|Any CPU
		{C722629E-2033-4E0D-8080-043AFC3E97DF}.Release|Any CPU.Build.0 = Release|Any CPU
	EndGlobalSection
	GlobalSection(SolutionProperties) = preSolution
		HideSolutionNode = FALSE
	EndGlobalSection
	GlobalSection(ExtensibilityGlobals) = postSolution
		SolutionGuid = {FD7193AB-6557-4A78-975E-D18D43A0EC55}
	EndGlobalSection
EndGlobal
